
Microsoft Visual Studio Solution File, Format Version 12.00
# Visual Studio 15
VisualStudioVersion = 15.0.26430.6
MinimumVisualStudioVersion = 10.0.40219.1
Project("{FAE04EC0-301F-11D3-BF4B-00C04F79EFBC}") = "HakeQuick", "HakeQuick\HakeQuick.csproj", "{93DD3060-5F46-45F9-8E55-8ED18153B17A}"
	ProjectSection(ProjectDependencies) = postProject
		{2EFCE9AF-27AB-4D10-8A5E-8179C8524F06} = {2EFCE9AF-27AB-4D10-8A5E-8179C8524F06}
	EndProjectSection
EndProject
Project("{2150E333-8FDC-42A3-9474-1A3956D46DE8}") = "Extensions", "Extensions", "{5DA32049-54EA-475F-91F9-146419DD3B81}"
EndProject
Project("{2150E333-8FDC-42A3-9474-1A3956D46DE8}") = "DependencyInjection", "DependencyInjection", "{A616EFEE-0983-4DD1-AC32-707D94A46401}"
EndProject
Project("{2150E333-8FDC-42A3-9474-1A3956D46DE8}") = "Pipeline", "Pipeline", "{4315BB97-4874-4CFA-BFB3-3D8E1505C83B}"
EndProject
Project("{FAE04EC0-301F-11D3-BF4B-00C04F79EFBC}") = "Abstraction", "Framework\Abstraction\Abstraction.csproj", "{74F1B85E-0D29-4642-999E-187930F177DE}"
EndProject
Project("{9A19103F-16F7-4668-BE54-9A1E7A4F7556}") = "Hake.Extension.DependencyInjection.Abstraction", "..\Hake.Extensions\DependencyInjection\Abstraction\Hake.Extension.DependencyInjection.Abstraction.csproj", "{399FAFC3-C113-4B0B-BBC6-CD7D051864E2}"
EndProject
Project("{9A19103F-16F7-4668-BE54-9A1E7A4F7556}") = "Hake.Extension.DependencyInjection.Implementations", "..\Hake.Extensions\DependencyInjection\Implementations\Hake.Extension.DependencyInjection.Implementations.csproj", "{502D4BDA-8D93-4552-A23B-9A8FC6705308}"
EndProject
Project("{9A19103F-16F7-4668-BE54-9A1E7A4F7556}") = "Hake.Extension.Pipeline.Abstraction", "..\Hake.Extensions\Pipeline\Abstraction\Hake.Extension.Pipeline.Abstraction.csproj", "{4F01612A-436B-43DE-A119-6F33B85DBD19}"
EndProject
Project("{FAE04EC0-301F-11D3-BF4B-00C04F79EFBC}") = "BaseImplement", "Framework\BaseImplement\BaseImplement.csproj", "{00835387-4F09-43B9-BFE0-68823A15F29B}"
EndProject
Project("{2150E333-8FDC-42A3-9474-1A3956D46DE8}") = "Plugins", "Plugins", "{94029E4F-460E-473E-8361-BB01A24DD0B2}"
EndProject
Project("{FAE04EC0-301F-11D3-BF4B-00C04F79EFBC}") = "Helpers", "Helpers\Helpers.csproj", "{A763570A-C121-4B9E-B240-490300A03244}"
EndProject
Project("{FAE04EC0-301F-11D3-BF4B-00C04F79EFBC}") = "TestPlugin", "Plugins\TestPlugin\TestPlugin.csproj", "{2EFCE9AF-27AB-4D10-8A5E-8179C8524F06}"
EndProject
Project("{FAE04EC0-301F-11D3-BF4B-00C04F79EFBC}") = "UnitTest", "UnitTest\UnitTest.csproj", "{A3DE39D2-2DA1-420F-B8FF-BF7D788E6D16}"
EndProject
Project("{2150E333-8FDC-42A3-9474-1A3956D46DE8}") = "Framework", "Framework", "{A9D9C0D7-AB43-4B78-AEF9-CFEE44782DD1}"
EndProject
Global
	GlobalSection(SolutionConfigurationPlatforms) = preSolution
		Debug|Any CPU = Debug|Any CPU
		Release|Any CPU = Release|Any CPU
	EndGlobalSection
	GlobalSection(ProjectConfigurationPlatforms) = postSolution
		{93DD3060-5F46-45F9-8E55-8ED18153B17A}.Debug|Any CPU.ActiveCfg = Debug|Any CPU
		{93DD3060-5F46-45F9-8E55-8ED18153B17A}.Debug|Any CPU.Build.0 = Debug|Any CPU
		{93DD3060-5F46-45F9-8E55-8ED18153B17A}.Release|Any CPU.ActiveCfg = Release|Any CPU
		{93DD3060-5F46-45F9-8E55-8ED18153B17A}.Release|Any CPU.Build.0 = Release|Any CPU
		{74F1B85E-0D29-4642-999E-187930F177DE}.Debug|Any CPU.ActiveCfg = Debug|Any CPU
		{74F1B85E-0D29-4642-999E-187930F177DE}.Debug|Any CPU.Build.0 = Debug|Any CPU
		{74F1B85E-0D29-4642-999E-187930F177DE}.Release|Any CPU.ActiveCfg = Release|Any CPU
		{74F1B85E-0D29-4642-999E-187930F177DE}.Release|Any CPU.Build.0 = Release|Any CPU
		{399FAFC3-C113-4B0B-BBC6-CD7D051864E2}.Debug|Any CPU.ActiveCfg = Debug|Any CPU
		{399FAFC3-C113-4B0B-BBC6-CD7D051864E2}.Debug|Any CPU.Build.0 = Debug|Any CPU
		{399FAFC3-C113-4B0B-BBC6-CD7D051864E2}.Release|Any CPU.ActiveCfg = Release|Any CPU
		{399FAFC3-C113-4B0B-BBC6-CD7D051864E2}.Release|Any CPU.Build.0 = Release|Any CPU
		{502D4BDA-8D93-4552-A23B-9A8FC6705308}.Debug|Any CPU.ActiveCfg = Debug|Any CPU
		{502D4BDA-8D93-4552-A23B-9A8FC6705308}.Debug|Any CPU.Build.0 = Debug|Any CPU
		{502D4BDA-8D93-4552-A23B-9A8FC6705308}.Release|Any CPU.ActiveCfg = Release|Any CPU
		{502D4BDA-8D93-4552-A23B-9A8FC6705308}.Release|Any CPU.Build.0 = Release|Any CPU
		{4F01612A-436B-43DE-A119-6F33B85DBD19}.Debug|Any CPU.ActiveCfg = Debug|Any CPU
		{4F01612A-436B-43DE-A119-6F33B85DBD19}.Debug|Any CPU.Build.0 = Debug|Any CPU
		{4F01612A-436B-43DE-A119-6F33B85DBD19}.Release|Any CPU.ActiveCfg = Release|Any CPU
		{4F01612A-436B-43DE-A119-6F33B85DBD19}.Release|Any CPU.Build.0 = Release|Any CPU
		{00835387-4F09-43B9-BFE0-68823A15F29B}.Debug|Any CPU.ActiveCfg = Debug|Any CPU
		{00835387-4F09-43B9-BFE0-68823A15F29B}.Debug|Any CPU.Build.0 = Debug|Any CPU
		{00835387-4F09-43B9-BFE0-68823A15F29B}.Release|Any CPU.ActiveCfg = Release|Any CPU
		{00835387-4F09-43B9-BFE0-68823A15F29B}.Release|Any CPU.Build.0 = Release|Any CPU
		{A763570A-C121-4B9E-B240-490300A03244}.Debug|Any CPU.ActiveCfg = Debug|Any CPU
		{A763570A-C121-4B9E-B240-490300A03244}.Debug|Any CPU.Build.0 = Debug|Any CPU
		{A763570A-C121-4B9E-B240-490300A03244}.Release|Any CPU.ActiveCfg = Release|Any CPU
		{A763570A-C121-4B9E-B240-490300A03244}.Release|Any CPU.Build.0 = Release|Any CPU
		{2EFCE9AF-27AB-4D10-8A5E-8179C8524F06}.Debug|Any CPU.ActiveCfg = Debug|Any CPU
		{2EFCE9AF-27AB-4D10-8A5E-8179C8524F06}.Debug|Any CPU.Build.0 = Debug|Any CPU
		{2EFCE9AF-27AB-4D10-8A5E-8179C8524F06}.Release|Any CPU.ActiveCfg = Release|Any CPU
		{2EFCE9AF-27AB-4D10-8A5E-8179C8524F06}.Release|Any CPU.Build.0 = Release|Any CPU
		{A3DE39D2-2DA1-420F-B8FF-BF7D788E6D16}.Debug|Any CPU.ActiveCfg = Debug|Any CPU
		{A3DE39D2-2DA1-420F-B8FF-BF7D788E6D16}.Debug|Any CPU.Build.0 = Debug|Any CPU
		{A3DE39D2-2DA1-420F-B8FF-BF7D788E6D16}.Release|Any CPU.ActiveCfg = Release|Any CPU
		{A3DE39D2-2DA1-420F-B8FF-BF7D788E6D16}.Release|Any CPU.Build.0 = Release|Any CPU
	EndGlobalSection
	GlobalSection(SolutionProperties) = preSolution
		HideSolutionNode = FALSE
	EndGlobalSection
	GlobalSection(NestedProjects) = preSolution
		{A616EFEE-0983-4DD1-AC32-707D94A46401} = {5DA32049-54EA-475F-91F9-146419DD3B81}
		{4315BB97-4874-4CFA-BFB3-3D8E1505C83B} = {5DA32049-54EA-475F-91F9-146419DD3B81}
		{74F1B85E-0D29-4642-999E-187930F177DE} = {A9D9C0D7-AB43-4B78-AEF9-CFEE44782DD1}
		{399FAFC3-C113-4B0B-BBC6-CD7D051864E2} = {A616EFEE-0983-4DD1-AC32-707D94A46401}
		{502D4BDA-8D93-4552-A23B-9A8FC6705308} = {A616EFEE-0983-4DD1-AC32-707D94A46401}
		{4F01612A-436B-43DE-A119-6F33B85DBD19} = {4315BB97-4874-4CFA-BFB3-3D8E1505C83B}
		{00835387-4F09-43B9-BFE0-68823A15F29B} = {A9D9C0D7-AB43-4B78-AEF9-CFEE44782DD1}
		{2EFCE9AF-27AB-4D10-8A5E-8179C8524F06} = {94029E4F-460E-473E-8361-BB01A24DD0B2}
	EndGlobalSection
EndGlobal
