
Microsoft Visual Studio Solution File, Format Version 12.00
# Visual Studio 15
VisualStudioVersion = 15.0.26430.6
MinimumVisualStudioVersion = 10.0.40219.1
Project("{FAE04EC0-301F-11D3-BF4B-00C04F79EFBC}") = "HakeQuick", "HakeQuick\HakeQuick.csproj", "{93DD3060-5F46-45F9-8E55-8ED18153B17A}"
EndProject
Project("{2150E333-8FDC-42A3-9474-1A3956D46DE8}") = "Extensions", "Extensions", "{5DA32049-54EA-475F-91F9-146419DD3B81}"
EndProject
Project("{2150E333-8FDC-42A3-9474-1A3956D46DE8}") = "DependencyInjection", "DependencyInjection", "{A616EFEE-0983-4DD1-AC32-707D94A46401}"
EndProject
Project("{2150E333-8FDC-42A3-9474-1A3956D46DE8}") = "Pipeline", "Pipeline", "{4315BB97-4874-4CFA-BFB3-3D8E1505C83B}"
EndProject
Project("{9A19103F-16F7-4668-BE54-9A1E7A4F7556}") = "Abstraction", "..\Hake.Extensions\DependencyInjection\Abstraction\Abstraction.csproj", "{9CB7600C-0807-41B1-A075-F38D0C3286DD}"
EndProject
Project("{9A19103F-16F7-4668-BE54-9A1E7A4F7556}") = "DefaultImplementations", "..\Hake.Extensions\DependencyInjection\DefaultImplementations\DefaultImplementations.csproj", "{AAD49EE5-594C-44A9-ADA9-99374654B6BE}"
EndProject
Project("{9A19103F-16F7-4668-BE54-9A1E7A4F7556}") = "Abstraction", "..\Hake.Extensions\Pipeline\Abstraction\Abstraction.csproj", "{4E20ABE8-8D26-473D-AFBE-8D16F2E5797E}"
EndProject
Project("{FAE04EC0-301F-11D3-BF4B-00C04F79EFBC}") = "Abstraction", "Abstraction\Abstraction.csproj", "{74F1B85E-0D29-4642-999E-187930F177DE}"
EndProject
Global
	GlobalSection(SolutionConfigurationPlatforms) = preSolution
		Debug|Any CPU = Debug|Any CPU
		Release|Any CPU = Release|Any CPU
	EndGlobalSection
	GlobalSection(ProjectConfigurationPlatforms) = postSolution
		{93DD3060-5F46-45F9-8E55-8ED18153B17A}.Debug|Any CPU.ActiveCfg = Debug|Any CPU
		{93DD3060-5F46-45F9-8E55-8ED18153B17A}.Debug|Any CPU.Build.0 = Debug|Any CPU
		{93DD3060-5F46-45F9-8E55-8ED18153B17A}.Release|Any CPU.ActiveCfg = Release|Any CPU
		{93DD3060-5F46-45F9-8E55-8ED18153B17A}.Release|Any CPU.Build.0 = Release|Any CPU
		{9CB7600C-0807-41B1-A075-F38D0C3286DD}.Debug|Any CPU.ActiveCfg = Debug|Any CPU
		{9CB7600C-0807-41B1-A075-F38D0C3286DD}.Debug|Any CPU.Build.0 = Debug|Any CPU
		{9CB7600C-0807-41B1-A075-F38D0C3286DD}.Release|Any CPU.ActiveCfg = Release|Any CPU
		{9CB7600C-0807-41B1-A075-F38D0C3286DD}.Release|Any CPU.Build.0 = Release|Any CPU
		{AAD49EE5-594C-44A9-ADA9-99374654B6BE}.Debug|Any CPU.ActiveCfg = Debug|Any CPU
		{AAD49EE5-594C-44A9-ADA9-99374654B6BE}.Debug|Any CPU.Build.0 = Debug|Any CPU
		{AAD49EE5-594C-44A9-ADA9-99374654B6BE}.Release|Any CPU.ActiveCfg = Release|Any CPU
		{AAD49EE5-594C-44A9-ADA9-99374654B6BE}.Release|Any CPU.Build.0 = Release|Any CPU
		{4E20ABE8-8D26-473D-AFBE-8D16F2E5797E}.Debug|Any CPU.ActiveCfg = Debug|Any CPU
		{4E20ABE8-8D26-473D-AFBE-8D16F2E5797E}.Debug|Any CPU.Build.0 = Debug|Any CPU
		{4E20ABE8-8D26-473D-AFBE-8D16F2E5797E}.Release|Any CPU.ActiveCfg = Release|Any CPU
		{4E20ABE8-8D26-473D-AFBE-8D16F2E5797E}.Release|Any CPU.Build.0 = Release|Any CPU
		{74F1B85E-0D29-4642-999E-187930F177DE}.Debug|Any CPU.ActiveCfg = Debug|Any CPU
		{74F1B85E-0D29-4642-999E-187930F177DE}.Debug|Any CPU.Build.0 = Debug|Any CPU
		{74F1B85E-0D29-4642-999E-187930F177DE}.Release|Any CPU.ActiveCfg = Release|Any CPU
		{74F1B85E-0D29-4642-999E-187930F177DE}.Release|Any CPU.Build.0 = Release|Any CPU
	EndGlobalSection
	GlobalSection(SolutionProperties) = preSolution
		HideSolutionNode = FALSE
	EndGlobalSection
	GlobalSection(NestedProjects) = preSolution
		{A616EFEE-0983-4DD1-AC32-707D94A46401} = {5DA32049-54EA-475F-91F9-146419DD3B81}
		{4315BB97-4874-4CFA-BFB3-3D8E1505C83B} = {5DA32049-54EA-475F-91F9-146419DD3B81}
		{9CB7600C-0807-41B1-A075-F38D0C3286DD} = {A616EFEE-0983-4DD1-AC32-707D94A46401}
		{AAD49EE5-594C-44A9-ADA9-99374654B6BE} = {A616EFEE-0983-4DD1-AC32-707D94A46401}
		{4E20ABE8-8D26-473D-AFBE-8D16F2E5797E} = {4315BB97-4874-4CFA-BFB3-3D8E1505C83B}
	EndGlobalSection
EndGlobal
